// !$*UTF8*$!
{
	archiveVersion = 1;
	classes = {
	};
	objectVersion = 56;
	objects = {

/* Begin PBXBuildFile section */
		04774FF72AD10F760080D9FD /* mad_throughput.metal in Sources */ = {isa = PBXBuildFile; fileRef = 04774FF62AD10F760080D9FD /* mad_throughput.metal */; };
		047750002AD23EFC0080D9FD /* matmul_tiled_fp16.metal in Sources */ = {isa = PBXBuildFile; fileRef = 04774FFB2AD23B250080D9FD /* matmul_tiled_fp16.metal */; };
		047750022AD23F600080D9FD /* matmul_tiled_i32.metal in Sources */ = {isa = PBXBuildFile; fileRef = 047750012AD23F600080D9FD /* matmul_tiled_i32.metal */; };
		047750052AD240120080D9FD /* mmt_i8.metal in Sources */ = {isa = PBXBuildFile; fileRef = 047750042AD240120080D9FD /* mmt_i8.metal */; };
		047750082AD24B380080D9FD /* atomic_reduce_loop_float.metal in Sources */ = {isa = PBXBuildFile; fileRef = 047750072AD24B380080D9FD /* atomic_reduce_loop_float.metal */; };
		0477500A2AD24DAE0080D9FD /* atomic_reduce_loop_int.metal in Sources */ = {isa = PBXBuildFile; fileRef = 047750092AD24DAE0080D9FD /* atomic_reduce_loop_int.metal */; };
		0477500C2AD24E9D0080D9FD /* atomic_reduce_subgroup_float.metal in Sources */ = {isa = PBXBuildFile; fileRef = 0477500B2AD24E9D0080D9FD /* atomic_reduce_subgroup_float.metal */; };
		0477500E2AD24FD50080D9FD /* atomic_reduce_subgroup_int.metal in Sources */ = {isa = PBXBuildFile; fileRef = 0477500D2AD24FD50080D9FD /* atomic_reduce_subgroup_int.metal */; };
		047750122AD254670080D9FD /* one_workgroup_reduce_loop.metal in Sources */ = {isa = PBXBuildFile; fileRef = 047750112AD254670080D9FD /* one_workgroup_reduce_loop.metal */; };
		047750142AD254E80080D9FD /* one_workgroup_reduce_subgroup.metal in Sources */ = {isa = PBXBuildFile; fileRef = 047750132AD254E80080D9FD /* one_workgroup_reduce_subgroup.metal */; };
		047750162AD255A10080D9FD /* tree_reduce_loop.metal in Sources */ = {isa = PBXBuildFile; fileRef = 047750152AD255A10080D9FD /* tree_reduce_loop.metal */; };
		047750182AD2561C0080D9FD /* tree_reduce_subgroup.metal in Sources */ = {isa = PBXBuildFile; fileRef = 047750172AD2561C0080D9FD /* tree_reduce_subgroup.metal */; };
		0477501B2AD256B80080D9FD /* simdgroup_arithmetic_loop.metal in Sources */ = {isa = PBXBuildFile; fileRef = 0477501A2AD256B80080D9FD /* simdgroup_arithmetic_loop.metal */; };
		0477501D2AD257850080D9FD /* simdgroup_arithmetic_intrinsic.metal in Sources */ = {isa = PBXBuildFile; fileRef = 0477501C2AD257850080D9FD /* simdgroup_arithmetic_intrinsic.metal */; };
		047750202AD25AA70080D9FD /* conv2d_tiled.metal in Sources */ = {isa = PBXBuildFile; fileRef = 0477501F2AD25AA70080D9FD /* conv2d_tiled.metal */; };
		047750222AD25C930080D9FD /* conv2d_packed.metal in Sources */ = {isa = PBXBuildFile; fileRef = 047750212AD25C930080D9FD /* conv2d_packed.metal */; };
		047750242AD25E230080D9FD /* depthwise_conv2d_tiled.metal in Sources */ = {isa = PBXBuildFile; fileRef = 047750232AD25E230080D9FD /* depthwise_conv2d_tiled.metal */; };
/* End PBXBuildFile section */

/* Begin PBXFileReference section */
		04774FEC2AD10F430080D9FD /* commands.metallib */ = {isa = PBXFileReference; explicitFileType = "archive.metal-library"; includeInIndex = 0; path = commands.metallib; sourceTree = BUILT_PRODUCTS_DIR; };
		04774FF62AD10F760080D9FD /* mad_throughput.metal */ = {isa = PBXFileReference; fileEncoding = 4; lastKnownFileType = sourcecode.metal; path = mad_throughput.metal; sourceTree = "<group>"; };
		04774FF82AD10FF30080D9FD /* matmul_tiled_fp32.metal */ = {isa = PBXFileReference; lastKnownFileType = sourcecode.metal; path = matmul_tiled_fp32.metal; sourceTree = "<group>"; };
		04774FFB2AD23B250080D9FD /* matmul_tiled_fp16.metal */ = {isa = PBXFileReference; lastKnownFileType = sourcecode.metal; path = matmul_tiled_fp16.metal; sourceTree = "<group>"; };
		047750012AD23F600080D9FD /* matmul_tiled_i32.metal */ = {isa = PBXFileReference; lastKnownFileType = sourcecode.metal; path = matmul_tiled_i32.metal; sourceTree = "<group>"; };
		047750042AD240120080D9FD /* mmt_i8.metal */ = {isa = PBXFileReference; lastKnownFileType = sourcecode.metal; path = mmt_i8.metal; sourceTree = "<group>"; };
		047750072AD24B380080D9FD /* atomic_reduce_loop_float.metal */ = {isa = PBXFileReference; lastKnownFileType = sourcecode.metal; path = atomic_reduce_loop_float.metal; sourceTree = "<group>"; };
		047750092AD24DAE0080D9FD /* atomic_reduce_loop_int.metal */ = {isa = PBXFileReference; lastKnownFileType = sourcecode.metal; path = atomic_reduce_loop_int.metal; sourceTree = "<group>"; };
		0477500B2AD24E9D0080D9FD /* atomic_reduce_subgroup_float.metal */ = {isa = PBXFileReference; lastKnownFileType = sourcecode.metal; path = atomic_reduce_subgroup_float.metal; sourceTree = "<group>"; };
		0477500D2AD24FD50080D9FD /* atomic_reduce_subgroup_int.metal */ = {isa = PBXFileReference; lastKnownFileType = sourcecode.metal; path = atomic_reduce_subgroup_int.metal; sourceTree = "<group>"; };
		047750112AD254670080D9FD /* one_workgroup_reduce_loop.metal */ = {isa = PBXFileReference; lastKnownFileType = sourcecode.metal; path = one_workgroup_reduce_loop.metal; sourceTree = "<group>"; };
		047750132AD254E80080D9FD /* one_workgroup_reduce_subgroup.metal */ = {isa = PBXFileReference; lastKnownFileType = sourcecode.metal; path = one_workgroup_reduce_subgroup.metal; sourceTree = "<group>"; };
		047750152AD255A10080D9FD /* tree_reduce_loop.metal */ = {isa = PBXFileReference; lastKnownFileType = sourcecode.metal; path = tree_reduce_loop.metal; sourceTree = "<group>"; };
		047750172AD2561C0080D9FD /* tree_reduce_subgroup.metal */ = {isa = PBXFileReference; lastKnownFileType = sourcecode.metal; path = tree_reduce_subgroup.metal; sourceTree = "<group>"; };
		0477501A2AD256B80080D9FD /* simdgroup_arithmetic_loop.metal */ = {isa = PBXFileReference; lastKnownFileType = sourcecode.metal; path = simdgroup_arithmetic_loop.metal; sourceTree = "<group>"; };
		0477501C2AD257850080D9FD /* simdgroup_arithmetic_intrinsic.metal */ = {isa = PBXFileReference; lastKnownFileType = sourcecode.metal; path = simdgroup_arithmetic_intrinsic.metal; sourceTree = "<group>"; };
		0477501F2AD25AA70080D9FD /* conv2d_tiled.metal */ = {isa = PBXFileReference; lastKnownFileType = sourcecode.metal; path = conv2d_tiled.metal; sourceTree = "<group>"; };
		047750212AD25C930080D9FD /* conv2d_packed.metal */ = {isa = PBXFileReference; lastKnownFileType = sourcecode.metal; path = conv2d_packed.metal; sourceTree = "<group>"; };
		047750232AD25E230080D9FD /* depthwise_conv2d_tiled.metal */ = {isa = PBXFileReference; lastKnownFileType = sourcecode.metal; path = depthwise_conv2d_tiled.metal; sourceTree = "<group>"; };
/* End PBXFileReference section */

/* Begin PBXGroup section */
		04774FE52AD10F430080D9FD = {
			isa = PBXGroup;
			children = (
				04774FEE2AD10F430080D9FD /* shaders */,
				04774FED2AD10F430080D9FD /* Products */,
			);
			sourceTree = "<group>";
		};
		04774FED2AD10F430080D9FD /* Products */ = {
			isa = PBXGroup;
			children = (
				04774FEC2AD10F430080D9FD /* commands.metallib */,
			);
			name = Products;
			sourceTree = "<group>";
		};
		04774FEE2AD10F430080D9FD /* shaders */ = {
			isa = PBXGroup;
			children = (
				0477501E2AD25A920080D9FD /* convolution */,
				047750192AD2569D0080D9FD /* simd_group */,
				047750062AD24B1B0080D9FD /* reduction */,
				047750032AD23FFF0080D9FD /* mmt */,
				04774FFA2AD23AFC0080D9FD /* matmul */,
				04774FF62AD10F760080D9FD /* mad_throughput.metal */,
			);
			path = shaders;
			sourceTree = "<group>";
		};
		04774FFA2AD23AFC0080D9FD /* matmul */ = {
			isa = PBXGroup;
			children = (
				04774FF82AD10FF30080D9FD /* matmul_tiled_fp32.metal */,
				04774FFB2AD23B250080D9FD /* matmul_tiled_fp16.metal */,
				047750012AD23F600080D9FD /* matmul_tiled_i32.metal */,
			);
			path = matmul;
			sourceTree = "<group>";
		};
		047750032AD23FFF0080D9FD /* mmt */ = {
			isa = PBXGroup;
			children = (
				047750042AD240120080D9FD /* mmt_i8.metal */,
			);
			path = mmt;
			sourceTree = "<group>";
		};
		047750062AD24B1B0080D9FD /* reduction */ = {
			isa = PBXGroup;
			children = (
				047750072AD24B380080D9FD /* atomic_reduce_loop_float.metal */,
				047750092AD24DAE0080D9FD /* atomic_reduce_loop_int.metal */,
				0477500B2AD24E9D0080D9FD /* atomic_reduce_subgroup_float.metal */,
				0477500D2AD24FD50080D9FD /* atomic_reduce_subgroup_int.metal */,
				047750112AD254670080D9FD /* one_workgroup_reduce_loop.metal */,
				047750132AD254E80080D9FD /* one_workgroup_reduce_subgroup.metal */,
				047750152AD255A10080D9FD /* tree_reduce_loop.metal */,
				047750172AD2561C0080D9FD /* tree_reduce_subgroup.metal */,
			);
			path = reduction;
			sourceTree = "<group>";
		};
		047750192AD2569D0080D9FD /* simd_group */ = {
			isa = PBXGroup;
			children = (
				0477501A2AD256B80080D9FD /* simdgroup_arithmetic_loop.metal */,
				0477501C2AD257850080D9FD /* simdgroup_arithmetic_intrinsic.metal */,
			);
			path = simd_group;
			sourceTree = "<group>";
		};
		0477501E2AD25A920080D9FD /* convolution */ = {
			isa = PBXGroup;
			children = (
				0477501F2AD25AA70080D9FD /* conv2d_tiled.metal */,
				047750212AD25C930080D9FD /* conv2d_packed.metal */,
				047750232AD25E230080D9FD /* depthwise_conv2d_tiled.metal */,
			);
			path = convolution;
			sourceTree = "<group>";
		};
/* End PBXGroup section */

/* Begin PBXNativeTarget section */
		04774FEB2AD10F430080D9FD /* commands */ = {
			isa = PBXNativeTarget;
			buildConfigurationList = 04774FF32AD10F430080D9FD /* Build configuration list for PBXNativeTarget "commands" */;
			buildPhases = (
				04774FEA2AD10F430080D9FD /* Sources */,
			);
			buildRules = (
			);
			dependencies = (
			);
			name = commands;
			productName = commands;
			productReference = 04774FEC2AD10F430080D9FD /* commands.metallib */;
			productType = "com.apple.product-type.metal-library";
		};
/* End PBXNativeTarget section */

/* Begin PBXProject section */
		04774FE62AD10F430080D9FD /* Project object */ = {
			isa = PBXProject;
			attributes = {
				BuildIndependentTargetsInParallel = 1;
				LastUpgradeCheck = 1500;
				TargetAttributes = {
					04774FEB2AD10F430080D9FD = {
						CreatedOnToolsVersion = 15.0;
					};
				};
			};
			buildConfigurationList = 04774FE92AD10F430080D9FD /* Build configuration list for PBXProject "commands" */;
			compatibilityVersion = "Xcode 14.0";
			developmentRegion = en;
			hasScannedForEncodings = 0;
			knownRegions = (
				en,
				Base,
			);
			mainGroup = 04774FE52AD10F430080D9FD;
			productRefGroup = 04774FED2AD10F430080D9FD /* Products */;
			projectDirPath = "";
			projectRoot = "";
			targets = (
				04774FEB2AD10F430080D9FD /* commands */,
			);
		};
/* End PBXProject section */

/* Begin PBXSourcesBuildPhase section */
		04774FEA2AD10F430080D9FD /* Sources */ = {
			isa = PBXSourcesBuildPhase;
			buildActionMask = 2147483647;
			files = (
				047750202AD25AA70080D9FD /* conv2d_tiled.metal in Sources */,
				047750182AD2561C0080D9FD /* tree_reduce_subgroup.metal in Sources */,
				047750022AD23F600080D9FD /* matmul_tiled_i32.metal in Sources */,
				0477501B2AD256B80080D9FD /* simdgroup_arithmetic_loop.metal in Sources */,
				0477501D2AD257850080D9FD /* simdgroup_arithmetic_intrinsic.metal in Sources */,
				047750242AD25E230080D9FD /* depthwise_conv2d_tiled.metal in Sources */,
				04774FF72AD10F760080D9FD /* mad_throughput.metal in Sources */,
				047750122AD254670080D9FD /* one_workgroup_reduce_loop.metal in Sources */,
				0477500E2AD24FD50080D9FD /* atomic_reduce_subgroup_int.metal in Sources */,
				0477500C2AD24E9D0080D9FD /* atomic_reduce_subgroup_float.metal in Sources */,
				0477500A2AD24DAE0080D9FD /* atomic_reduce_loop_int.metal in Sources */,
				047750162AD255A10080D9FD /* tree_reduce_loop.metal in Sources */,
				047750082AD24B380080D9FD /* atomic_reduce_loop_float.metal in Sources */,
				047750002AD23EFC0080D9FD /* matmul_tiled_fp16.metal in Sources */,
				047750222AD25C930080D9FD /* conv2d_packed.metal in Sources */,
				047750142AD254E80080D9FD /* one_workgroup_reduce_subgroup.metal in Sources */,
				047750052AD240120080D9FD /* mmt_i8.metal in Sources */,
			);
			runOnlyForDeploymentPostprocessing = 0;
		};
/* End PBXSourcesBuildPhase section */

/* Begin XCBuildConfiguration section */
		04774FF12AD10F430080D9FD /* Debug */ = {
			isa = XCBuildConfiguration;
			buildSettings = {
				ALWAYS_SEARCH_USER_PATHS = NO;
				MACOSX_DEPLOYMENT_TARGET = 14.0;
				MTL_ENABLE_DEBUG_INFO = INCLUDE_SOURCE;
				MTL_FAST_MATH = YES;
				SDKROOT = macosx;
			};
			name = Debug;
		};
		04774FF22AD10F430080D9FD /* Release */ = {
			isa = XCBuildConfiguration;
			buildSettings = {
				ALWAYS_SEARCH_USER_PATHS = NO;
				MACOSX_DEPLOYMENT_TARGET = 14.0;
				MTL_ENABLE_DEBUG_INFO = NO;
				MTL_FAST_MATH = YES;
				SDKROOT = macosx;
			};
			name = Release;
		};
		04774FF42AD10F430080D9FD /* Debug */ = {
			isa = XCBuildConfiguration;
			buildSettings = {
				CODE_SIGN_STYLE = Automatic;
				DEVELOPMENT_TEAM = 4SL5L673UU;
				PRODUCT_NAME = "$(TARGET_NAME)";
			};
			name = Debug;
		};
		04774FF52AD10F430080D9FD /* Release */ = {
			isa = XCBuildConfiguration;
			buildSettings = {
				CODE_SIGN_STYLE = Automatic;
				DEVELOPMENT_TEAM = 4SL5L673UU;
				PRODUCT_NAME = "$(TARGET_NAME)";
			};
			name = Release;
		};
/* End XCBuildConfiguration section */

/* Begin XCConfigurationList section */
		04774FE92AD10F430080D9FD /* Build configuration list for PBXProject "commands" */ = {
			isa = XCConfigurationList;
			buildConfigurations = (
				04774FF12AD10F430080D9FD /* Debug */,
				04774FF22AD10F430080D9FD /* Release */,
			);
			defaultConfigurationIsVisible = 0;
			defaultConfigurationName = Release;
		};
		04774FF32AD10F430080D9FD /* Build configuration list for PBXNativeTarget "commands" */ = {
			isa = XCConfigurationList;
			buildConfigurations = (
				04774FF42AD10F430080D9FD /* Debug */,
				04774FF52AD10F430080D9FD /* Release */,
			);
			defaultConfigurationIsVisible = 0;
			defaultConfigurationName = Release;
		};
/* End XCConfigurationList section */
	};
	rootObject = 04774FE62AD10F430080D9FD /* Project object */;
}
